uuid: 42134cfe-6152-4de2-a693-030664fa6c20
langcode: en
status: true
dependencies:
  config:
    - field.storage.paragraph.field_embed_block
    - paragraphs.paragraphs_type.embed_block
  module:
    - block_field
_core:
  default_config_hash: YlaH_j_ObXAeKyq89nsXBwfyr6TbJkNu5H_9eN1vpHg
id: paragraph.embed_block.field_embed_block
field_name: field_embed_block
entity_type: paragraph
bundle: embed_block
label: Block
description: ''
required: true
translatable: false
default_value: {  }
default_value_callback: ''
settings:
  selection: blocks
  selection_settings: {  }
field_type: block_field
