uuid: 2738ecbc-ee04-48ca-8bf5-4a799176d9d4
langcode: en
status: true
dependencies:
  module:
    - block_field
    - paragraphs
_core:
  default_config_hash: rwhAMoRSe6JFX7z4wLOubKrfdumhMw6KT8TZueBp5dE
id: paragraph.field_embed_block
field_name: field_embed_block
entity_type: paragraph
type: block_field
settings: {  }
module: block_field
locked: false
cardinality: 1
translatable: true
indexes: {  }
persist_with_no_fields: false
custom_storage: false
